<?xml version="1.0" encoding="utf-8"?>
<Project ToolsVersion="18.0" xmlns="http://schemas.microsoft.com/developer/msbuild/2003">
  <ItemGroup>
    <ClCompile Include="C:\Users\omega\Documents\tools\gbarecomp-cli-windows-x86_64\Projects\MyGameRecomp\main.cpp">
      <Filter>Source Files</Filter>
    </ClCompile>
    <ClCompile Include="C:\Users\omega\Documents\tools\gbarecomp-cli-windows-x86_64\Projects\MyGameRecomp\generated\recompiled_000.cpp">
      <Filter>Source Files</Filter>
    </ClCompile>
    <ClCompile Include="C:\Users\omega\Documents\tools\gbarecomp-cli-windows-x86_64\Projects\MyGameRecomp\generated\recompiled_001.cpp">
      <Filter>Source Files</Filter>
    </ClCompile>
    <ClCompile Include="C:\Users\omega\Documents\tools\gbarecomp-cli-windows-x86_64\Projects\MyGameRecomp\generated\dispatch_table.cpp">
      <Filter>Source Files</Filter>
    </ClCompile>
    <ClCompile Include="C:\Users\omega\Documents\tools\gbarecomp-cli-windows-x86_64\Projects\MyGameRecomp\generated\symbol_map.cpp">
      <Filter>Source Files</Filter>
    </ClCompile>
  </ItemGroup>
  <ItemGroup>
    <CustomBuild Include="C:\Users\omega\Documents\tools\gbarecomp-cli-windows-x86_64\Projects\MyGameRecomp\CMakeLists.txt" />
  </ItemGroup>
  <ItemGroup>
    <Filter Include="Source Files">
      <UniqueIdentifier>{6CECA958-721A-32D9-B55A-84269318F726}</UniqueIdentifier>
    </Filter>
  </ItemGroup>
</Project>
