<?xml version="1.0" encoding="utf-8"?>
<Project ToolsVersion="18.0" xmlns="http://schemas.microsoft.com/developer/msbuild/2003">
  <ItemGroup>
    <ClCompile Include="C:\Users\omega\Documents\tools\gbarecomp-cli-windows-x86_64\Projects\gbarecomp\src\gba\gba_memory.cpp">
      <Filter>Source Files</Filter>
    </ClCompile>
    <ClCompile Include="C:\Users\omega\Documents\tools\gbarecomp-cli-windows-x86_64\Projects\gbarecomp\src\gba\gba_bus.cpp">
      <Filter>Source Files</Filter>
    </ClCompile>
    <ClCompile Include="C:\Users\omega\Documents\tools\gbarecomp-cli-windows-x86_64\Projects\gbarecomp\src\gba\gba_matrix_memory.cpp">
      <Filter>Source Files</Filter>
    </ClCompile>
    <ClCompile Include="C:\Users\omega\Documents\tools\gbarecomp-cli-windows-x86_64\Projects\gbarecomp\src\gba\gba_io.cpp">
      <Filter>Source Files</Filter>
    </ClCompile>
    <ClCompile Include="C:\Users\omega\Documents\tools\gbarecomp-cli-windows-x86_64\Projects\gbarecomp\src\gba\gba_irq.cpp">
      <Filter>Source Files</Filter>
    </ClCompile>
    <ClCompile Include="C:\Users\omega\Documents\tools\gbarecomp-cli-windows-x86_64\Projects\gbarecomp\src\gba\gba_dma.cpp">
      <Filter>Source Files</Filter>
    </ClCompile>
    <ClCompile Include="C:\Users\omega\Documents\tools\gbarecomp-cli-windows-x86_64\Projects\gbarecomp\src\gba\gba_timers.cpp">
      <Filter>Source Files</Filter>
    </ClCompile>
    <ClCompile Include="C:\Users\omega\Documents\tools\gbarecomp-cli-windows-x86_64\Projects\gbarecomp\src\gba\gba_ppu.cpp">
      <Filter>Source Files</Filter>
    </ClCompile>
    <ClCompile Include="C:\Users\omega\Documents\tools\gbarecomp-cli-windows-x86_64\Projects\gbarecomp\src\gba\gba_audio.cpp">
      <Filter>Source Files</Filter>
    </ClCompile>
    <ClCompile Include="C:\Users\omega\Documents\tools\gbarecomp-cli-windows-x86_64\Projects\gbarecomp\src\gba\mod_audio.cpp">
      <Filter>Source Files</Filter>
    </ClCompile>
    <ClCompile Include="C:\Users\omega\Documents\tools\gbarecomp-cli-windows-x86_64\Projects\gbarecomp\src\gba\gba_m4a.cpp">
      <Filter>Source Files</Filter>
    </ClCompile>
    <ClCompile Include="C:\Users\omega\Documents\tools\gbarecomp-cli-windows-x86_64\Projects\gbarecomp\src\gba\audio_shadow.cpp">
      <Filter>Source Files</Filter>
    </ClCompile>
    <ClCompile Include="C:\Users\omega\Documents\tools\gbarecomp-cli-windows-x86_64\Projects\gbarecomp\src\gba\mp2k_shadow.cpp">
      <Filter>Source Files</Filter>
    </ClCompile>
    <ClCompile Include="C:\Users\omega\Documents\tools\gbarecomp-cli-windows-x86_64\Projects\gbarecomp\src\gba\gba_input.cpp">
      <Filter>Source Files</Filter>
    </ClCompile>
    <ClCompile Include="C:\Users\omega\Documents\tools\gbarecomp-cli-windows-x86_64\Projects\gbarecomp\src\gba\gba_save.cpp">
      <Filter>Source Files</Filter>
    </ClCompile>
    <ClCompile Include="C:\Users\omega\Documents\tools\gbarecomp-cli-windows-x86_64\Projects\gbarecomp\src\gba\gba_gpio.cpp">
      <Filter>Source Files</Filter>
    </ClCompile>
    <ClCompile Include="C:\Users\omega\Documents\tools\gbarecomp-cli-windows-x86_64\Projects\gbarecomp\src\gba\gba_gyro.cpp">
      <Filter>Source Files</Filter>
    </ClCompile>
    <ClCompile Include="C:\Users\omega\Documents\tools\gbarecomp-cli-windows-x86_64\Projects\gbarecomp\src\gba\gba_solar.cpp">
      <Filter>Source Files</Filter>
    </ClCompile>
    <ClCompile Include="C:\Users\omega\Documents\tools\gbarecomp-cli-windows-x86_64\Projects\gbarecomp\src\gba\gba_rtc.cpp">
      <Filter>Source Files</Filter>
    </ClCompile>
    <ClCompile Include="C:\Users\omega\Documents\tools\gbarecomp-cli-windows-x86_64\Projects\gbarecomp\src\gba\gba_bios.cpp">
      <Filter>Source Files</Filter>
    </ClCompile>
    <ClCompile Include="C:\Users\omega\Documents\tools\gbarecomp-cli-windows-x86_64\Projects\gbarecomp\src\gba\gba_scheduler.cpp">
      <Filter>Source Files</Filter>
    </ClCompile>
    <ClCompile Include="C:\Users\omega\Documents\tools\gbarecomp-cli-windows-x86_64\Projects\gbarecomp\src\gba\gba_rom_header.cpp">
      <Filter>Source Files</Filter>
    </ClCompile>
    <ClCompile Include="C:\Users\omega\Documents\tools\gbarecomp-cli-windows-x86_64\Projects\gbarecomp\src\gba\sha1.cpp">
      <Filter>Source Files</Filter>
    </ClCompile>
    <ClCompile Include="C:\Users\omega\Documents\tools\gbarecomp-cli-windows-x86_64\Projects\gbarecomp\src\gba\crc32.cpp">
      <Filter>Source Files</Filter>
    </ClCompile>
  </ItemGroup>
  <ItemGroup>
    <CustomBuild Include="C:\Users\omega\Documents\tools\gbarecomp-cli-windows-x86_64\Projects\gbarecomp\CMakeLists.txt" />
  </ItemGroup>
  <ItemGroup>
    <Filter Include="Source Files">
      <UniqueIdentifier>{6CECA958-721A-32D9-B55A-84269318F726}</UniqueIdentifier>
    </Filter>
  </ItemGroup>
</Project>
